{
  "name": "dsh-quota-check",
  "version": "0.5.0",
  "lockfileVersion": 3,
  "requires": true,
  "packages": {
    "": {
      "name": "dsh-quota-check",
      "version": "0.5.0",
      "license": "MIT",
      "devDependencies": {
        "@deepseek-ai/cordis": "*",
        "@deepseek-ai/dsh-host-webserver": "*",
        "@deepseek-ai/schemastery": "3.18.2",
        "@types/node": "^22.20.2",
        "typescript": "^7.0.2"
      },
      "engines": {
        "node": "^22.19.0 || >=24.0.0"
      },
      "peerDependencies": {
        "@deepseek-ai/schemastery": "*"
      }
    },
    "../../Desktop/deepseek-harness/node_modules/.pnpm/@standard-schema+spec@1.1.0/node_modules/@standard-schema/spec": {
      "version": "1.1.0",
      "dev": true,
      "license": "MIT",
      "devDependencies": {
        "tsup": "^8.3.0",
        "typescript": "^5.6.2"
      }
    },
    "../../Desktop/deepseek-harness/node_modules/.pnpm/@types+compression@1.8.1/node_modules/@types/compression": {
      "version": "1.8.1",
      "dev": true,
      "license": "MIT",
      "dependencies": {
        "@types/express": "*",
        "@types/node": "*"
      }
    },
    "../../Desktop/deepseek-harness/node_modules/.pnpm/@types+negotiator@0.6.5/node_modules/@types/negotiator": {
      "version": "0.6.5",
      "dev": true,
      "license": "MIT"
    },
    "../../Desktop/deepseek-harness/node_modules/.pnpm/compression@1.8.1_supports-color@9.4.0/node_modules/compression": {
      "version": "1.8.1",
      "dev": true,
      "license": "MIT",
      "dependencies": {
        "bytes": "3.1.2",
        "compressible": "~2.0.18",
        "debug": "2.6.9",
        "negotiator": "~0.6.4",
        "on-headers": "~1.1.0",
        "safe-buffer": "5.2.1",
        "vary": "~1.1.2"
      },
      "devDependencies": {
        "after": "0.8.2",
        "eslint": "7.32.0",
        "eslint-config-standard": "14.1.1",
        "eslint-plugin-import": "2.32.0",
        "eslint-plugin-markdown": "2.2.1",
        "eslint-plugin-node": "11.1.0",
        "eslint-plugin-promise": "5.2.0",
        "eslint-plugin-standard": "4.1.0",
        "mocha": "9.2.2",
        "nyc": "15.1.0",
        "supertest": "6.3.4"
      },
      "engines": {
        "node": ">= 0.8.0"
      }
    },
    "../../Desktop/deepseek-harness/node_modules/.pnpm/js-yaml@4.2.0/node_modules/js-yaml": {
      "version": "4.2.0",
      "extraneous": true,
      "funding": [
        {
          "type": "github",
          "url": "https://github.com/sponsors/puzrin"
        },
        {
          "type": "github",
          "url": "https://github.com/sponsors/nodeca"
        }
      ],
      "license": "MIT",
      "dependencies": {
        "argparse": "^2.0.1"
      },
      "bin": {
        "js-yaml": "bin/js-yaml.js"
      },
      "devDependencies": {
        "c8": "^11.0.0",
        "codemirror": "^5.65.21",
        "eslint": "^9.39.4",
        "fast-check": "^4.8.0",
        "gh-pages": "^6.3.0",
        "neostandard": "^0.13.0",
        "tinybench": "^6.0.2",
        "vite": "^8.0.14",
        "vite-plugin-node-polyfills": "^0.28.0",
        "vite-plugin-singlefile": "^2.3.3",
        "workerpool": "^10.0.2"
      }
    },
    "../../Desktop/deepseek-harness/node_modules/.pnpm/negotiator@1.0.0/node_modules/negotiator": {
      "version": "1.0.0",
      "dev": true,
      "license": "MIT",
      "devDependencies": {
        "eslint": "7.32.0",
        "eslint-plugin-markdown": "2.2.1",
        "mocha": "9.1.3",
        "nyc": "15.1.0"
      },
      "engines": {
        "node": ">= 0.6"
      }
    },
    "../../Desktop/deepseek-harness/node_modules/.pnpm/node-addon-require-builtin@0.1.6/node_modules/node-addon-require-builtin": {
      "version": "0.1.6",
      "extraneous": true,
      "license": "MIT",
      "dependencies": {
        "node-addon-native-custom-loader": "0.1.6"
      },
      "engines": {
        "node": ">=20"
      },
      "optionalDependencies": {
        "node-addon-require-builtin-darwin-arm64": "0.1.6",
        "node-addon-require-builtin-darwin-x64": "0.1.6",
        "node-addon-require-builtin-linux-arm64-gnu": "0.1.6",
        "node-addon-require-builtin-linux-x64-gnu": "0.1.6",
        "node-addon-require-builtin-win32-arm64-msvc": "0.1.6",
        "node-addon-require-builtin-win32-ia32-msvc": "0.1.6",
        "node-addon-require-builtin-win32-x64-msvc": "0.1.6"
      }
    },
    "../../Desktop/deepseek-harness/packages/host/webserver": {
      "name": "@deepseek-ai/dsh-host-webserver",
      "version": "0.1.6-alpha.2",
      "dev": true,
      "license": "MIT",
      "dependencies": {
        "@deepseek-ai/schemastery": "workspace:^",
        "compression": "^1.8.1",
        "negotiator": "^1.0.0"
      },
      "devDependencies": {
        "@deepseek-ai/cordis": "workspace:^",
        "@types/compression": "^1.8.1",
        "@types/negotiator": "^0.6.5"
      },
      "peerDependencies": {
        "@deepseek-ai/cordis": "workspace:^"
      }
    },
    "../../Desktop/deepseek-harness/packages/host/webserver/node_modules/@deepseek-ai/cordis": {
      "resolved": "../../Desktop/deepseek-harness/vendor/cordis",
      "link": true
    },
    "../../Desktop/deepseek-harness/packages/host/webserver/node_modules/@deepseek-ai/schemastery": {
      "resolved": "../../Desktop/deepseek-harness/vendor/schemastery",
      "link": true
    },
    "../../Desktop/deepseek-harness/packages/host/webserver/node_modules/@types/compression": {
      "resolved": "../../Desktop/deepseek-harness/node_modules/.pnpm/@types+compression@1.8.1/node_modules/@types/compression",
      "link": true
    },
    "../../Desktop/deepseek-harness/packages/host/webserver/node_modules/@types/negotiator": {
      "resolved": "../../Desktop/deepseek-harness/node_modules/.pnpm/@types+negotiator@0.6.5/node_modules/@types/negotiator",
      "link": true
    },
    "../../Desktop/deepseek-harness/packages/host/webserver/node_modules/compression": {
      "resolved": "../../Desktop/deepseek-harness/node_modules/.pnpm/compression@1.8.1_supports-color@9.4.0/node_modules/compression",
      "link": true
    },
    "../../Desktop/deepseek-harness/packages/host/webserver/node_modules/negotiator": {
      "resolved": "../../Desktop/deepseek-harness/node_modules/.pnpm/negotiator@1.0.0/node_modules/negotiator",
      "link": true
    },
    "../../Desktop/deepseek-harness/vendor/cordis": {
      "name": "@deepseek-ai/cordis",
      "version": "4.0.2",
      "dev": true,
      "license": "MIT",
      "dependencies": {
        "@deepseek-ai/cosmokit": "workspace:^",
        "@standard-schema/spec": "^1.1.0"
      },
      "bin": {
        "cordis": "bin.js"
      },
      "peerDependencies": {
        "@deepseek-ai/cordis-plugin-include": "workspace:^",
        "@deepseek-ai/cordis-plugin-loader": "workspace:^"
      },
      "peerDependenciesMeta": {
        "@deepseek-ai/cordis-plugin-include": {
          "optional": true
        },
        "@deepseek-ai/cordis-plugin-loader": {
          "optional": true
        }
      }
    },
    "../../Desktop/deepseek-harness/vendor/cordis/node_modules/@deepseek-ai/cosmokit": {
      "resolved": "../../Desktop/deepseek-harness/vendor/cosmokit",
      "link": true
    },
    "../../Desktop/deepseek-harness/vendor/cordis/node_modules/@standard-schema/spec": {
      "resolved": "../../Desktop/deepseek-harness/node_modules/.pnpm/@standard-schema+spec@1.1.0/node_modules/@standard-schema/spec",
      "link": true
    },
    "../../Desktop/deepseek-harness/vendor/cosmokit": {
      "name": "@deepseek-ai/cosmokit",
      "version": "1.8.3",
      "dev": true,
      "license": "MIT"
    },
    "../../Desktop/deepseek-harness/vendor/schemastery": {
      "name": "@deepseek-ai/schemastery",
      "version": "3.18.2",
      "dev": true,
      "license": "MIT",
      "dependencies": {
        "@deepseek-ai/cosmokit": "workspace:^",
        "@standard-schema/spec": "^1.1.0"
      }
    },
    "../../Desktop/deepseek-harness/vendor/schemastery/node_modules/@deepseek-ai/cosmokit": {
      "resolved": "../../Desktop/deepseek-harness/vendor/cosmokit",
      "link": true
    },
    "../../Desktop/deepseek-harness/vendor/schemastery/node_modules/@standard-schema/spec": {
      "resolved": "../../Desktop/deepseek-harness/node_modules/.pnpm/@standard-schema+spec@1.1.0/node_modules/@standard-schema/spec",
      "link": true
    },
    "../dsh-win2k/node_modules/@types/node": {
      "version": "22.20.3",
      "dev": true,
      "license": "MIT",
      "dependencies": {
        "undici-types": "~6.21.0"
      }
    },
    "../dsh-win2k/node_modules/typescript": {
      "version": "7.0.2",
      "dev": true,
      "license": "Apache-2.0",
      "bin": {
        "tsc": "bin/tsc"
      },
      "engines": {
        "node": ">=16.20.0"
      },
      "optionalDependencies": {
        "@typescript/typescript-aix-ppc64": "7.0.2",
        "@typescript/typescript-darwin-arm64": "7.0.2",
        "@typescript/typescript-darwin-x64": "7.0.2",
        "@typescript/typescript-freebsd-arm64": "7.0.2",
        "@typescript/typescript-freebsd-x64": "7.0.2",
        "@typescript/typescript-linux-arm": "7.0.2",
        "@typescript/typescript-linux-arm64": "7.0.2",
        "@typescript/typescript-linux-loong64": "7.0.2",
        "@typescript/typescript-linux-mips64el": "7.0.2",
        "@typescript/typescript-linux-ppc64": "7.0.2",
        "@typescript/typescript-linux-riscv64": "7.0.2",
        "@typescript/typescript-linux-s390x": "7.0.2",
        "@typescript/typescript-linux-x64": "7.0.2",
        "@typescript/typescript-netbsd-arm64": "7.0.2",
        "@typescript/typescript-netbsd-x64": "7.0.2",
        "@typescript/typescript-openbsd-arm64": "7.0.2",
        "@typescript/typescript-openbsd-x64": "7.0.2",
        "@typescript/typescript-sunos-x64": "7.0.2",
        "@typescript/typescript-win32-arm64": "7.0.2",
        "@typescript/typescript-win32-x64": "7.0.2"
      }
    },
    "node_modules/@deepseek-ai/cordis": {
      "resolved": "../../Desktop/deepseek-harness/vendor/cordis",
      "link": true
    },
    "node_modules/@deepseek-ai/dsh-host-webserver": {
      "resolved": "../../Desktop/deepseek-harness/packages/host/webserver",
      "link": true
    },
    "node_modules/@deepseek-ai/schemastery": {
      "resolved": "../../Desktop/deepseek-harness/vendor/schemastery",
      "link": true
    },
    "node_modules/@types/node": {
      "resolved": "../dsh-win2k/node_modules/@types/node",
      "link": true
    },
    "node_modules/typescript": {
      "resolved": "../dsh-win2k/node_modules/typescript",
      "link": true
    }
  }
}
